// !$*UTF8*$!
{
	archiveVersion = 1;
	classes = {
	};
	objectVersion = 50;
	objects = {

/* Begin PBXBuildFile section */
		B58B94E1253B2C6800DC26EE /* KM_HW3_1App.swift in Sources */ = {isa = PBXBuildFile; fileRef = B58B94E0253B2C6800DC26EE /* KM_HW3_1App.swift */; };
		B58B94E3253B2C6800DC26EE /* TrafficLight.swift in Sources */ = {isa = PBXBuildFile; fileRef = B58B94E2253B2C6800DC26EE /* TrafficLight.swift */; };
		B58B94E5253B2C6B00DC26EE /* Assets.xcassets in Resources */ = {isa = PBXBuildFile; fileRef = B58B94E4253B2C6B00DC26EE /* Assets.xcassets */; };
		B58B94E8253B2C6B00DC26EE /* Preview Assets.xcassets in Resources */ = {isa = PBXBuildFile; fileRef = B58B94E7253B2C6B00DC26EE /* Preview Assets.xcassets */; };
		B58B94F1253B2D7700DC26EE /* ColorCircle.swift in Sources */ = {isa = PBXBuildFile; fileRef = B58B94F0253B2D7700DC26EE /* ColorCircle.swift */; };
		B58B94FD253B801D00DC26EE /* NextButton.swift in Sources */ = {isa = PBXBuildFile; fileRef = B58B94FC253B801D00DC26EE /* NextButton.swift */; };
/* End PBXBuildFile section */

/* Begin PBXFileReference section */
		B58B94DD253B2C6800DC26EE /* KM_HW3.1.app */ = {isa = PBXFileReference; explicitFileType = wrapper.application; includeInIndex = 0; path = KM_HW3.1.app; sourceTree = BUILT_PRODUCTS_DIR; };
		B58B94E0253B2C6800DC26EE /* KM_HW3_1App.swift */ = {isa = PBXFileReference; lastKnownFileType = sourcecode.swift; path = KM_HW3_1App.swift; sourceTree = "<group>"; };
		B58B94E2253B2C6800DC26EE /* TrafficLight.swift */ = {isa = PBXFileReference; lastKnownFileType = sourcecode.swift; path = TrafficLight.swift; sourceTree = "<group>"; };
		B58B94E4253B2C6B00DC26EE /* Assets.xcassets */ = {isa = PBXFileReference; lastKnownFileType = folder.assetcatalog; path = Assets.xcassets; sourceTree = "<group>"; };
		B58B94E7253B2C6B00DC26EE /* Preview Assets.xcassets */ = {isa = PBXFileReference; lastKnownFileType = folder.assetcatalog; path = "Preview Assets.xcassets"; sourceTree = "<group>"; };
		B58B94E9253B2C6B00DC26EE /* Info.plist */ = {isa = PBXFileReference; lastKnownFileType = text.plist.xml; path = Info.plist; sourceTree = "<group>"; };
		B58B94F0253B2D7700DC26EE /* ColorCircle.swift */ = {isa = PBXFileReference; lastKnownFileType = sourcecode.swift; path = ColorCircle.swift; sourceTree = "<group>"; };
		B58B94FC253B801D00DC26EE /* NextButton.swift */ = {isa = PBXFileReference; lastKnownFileType = sourcecode.swift; name = NextButton.swift; path = KM_HW3.1/NextButton.swift; sourceTree = SOURCE_ROOT; };
/* End PBXFileReference section */

/* Begin PBXFrameworksBuildPhase section */
		B58B94DA253B2C6800DC26EE /* Frameworks */ = {
			isa = PBXFrameworksBuildPhase;
			buildActionMask = 2147483647;
			files = (
			);
			runOnlyForDeploymentPostprocessing = 0;
		};
/* End PBXFrameworksBuildPhase section */

/* Begin PBXGroup section */
		B58B94D4253B2C6800DC26EE = {
			isa = PBXGroup;
			children = (
				B58B94DF253B2C6800DC26EE /* KM_HW3.1 */,
				B58B94DE253B2C6800DC26EE /* Products */,
			);
			sourceTree = "<group>";
		};
		B58B94DE253B2C6800DC26EE /* Products */ = {
			isa = PBXGroup;
			children = (
				B58B94DD253B2C6800DC26EE /* KM_HW3.1.app */,
			);
			name = Products;
			sourceTree = "<group>";
		};
		B58B94DF253B2C6800DC26EE /* KM_HW3.1 */ = {
			isa = PBXGroup;
			children = (
				B58B94F3253B2D8600DC26EE /* Views */,
				B58B94E0253B2C6800DC26EE /* KM_HW3_1App.swift */,
				B58B94E2253B2C6800DC26EE /* TrafficLight.swift */,
				B58B94E4253B2C6B00DC26EE /* Assets.xcassets */,
				B58B94E9253B2C6B00DC26EE /* Info.plist */,
				B58B94E6253B2C6B00DC26EE /* Preview Content */,
			);
			path = KM_HW3.1;
			sourceTree = "<group>";
		};
		B58B94E6253B2C6B00DC26EE /* Preview Content */ = {
			isa = PBXGroup;
			children = (
				B58B94E7253B2C6B00DC26EE /* Preview Assets.xcassets */,
			);
			path = "Preview Content";
			sourceTree = "<group>";
		};
		B58B94F3253B2D8600DC26EE /* Views */ = {
			isa = PBXGroup;
			children = (
				B58B94FC253B801D00DC26EE /* NextButton.swift */,
				B58B94F0253B2D7700DC26EE /* ColorCircle.swift */,
			);
			path = Views;
			sourceTree = "<group>";
		};
/* End PBXGroup section */

/* Begin PBXNativeTarget section */
		B58B94DC253B2C6800DC26EE /* KM_HW3.1 */ = {
			isa = PBXNativeTarget;
			buildConfigurationList = B58B94EC253B2C6B00DC26EE /* Build configuration list for PBXNativeTarget "KM_HW3.1" */;
			buildPhases = (
				B58B94D9253B2C6800DC26EE /* Sources */,
				B58B94DA253B2C6800DC26EE /* Frameworks */,
				B58B94DB253B2C6800DC26EE /* Resources */,
			);
			buildRules = (
			);
			dependencies = (
			);
			name = KM_HW3.1;
			productName = KM_HW3.1;
			productReference = B58B94DD253B2C6800DC26EE /* KM_HW3.1.app */;
			productType = "com.apple.product-type.application";
		};
/* End PBXNativeTarget section */

/* Begin PBXProject section */
		B58B94D5253B2C6800DC26EE /* Project object */ = {
			isa = PBXProject;
			attributes = {
				LastSwiftUpdateCheck = 1200;
				LastUpgradeCheck = 1200;
				TargetAttributes = {
					B58B94DC253B2C6800DC26EE = {
						CreatedOnToolsVersion = 12.0.1;
					};
				};
			};
			buildConfigurationList = B58B94D8253B2C6800DC26EE /* Build configuration list for PBXProject "KM_HW3.1" */;
			compatibilityVersion = "Xcode 9.3";
			developmentRegion = en;
			hasScannedForEncodings = 0;
			knownRegions = (
				en,
				Base,
			);
			mainGroup = B58B94D4253B2C6800DC26EE;
			productRefGroup = B58B94DE253B2C6800DC26EE /* Products */;
			projectDirPath = "";
			projectRoot = "";
			targets = (
				B58B94DC253B2C6800DC26EE /* KM_HW3.1 */,
			);
		};
/* End PBXProject section */

/* Begin PBXResourcesBuildPhase section */
		B58B94DB253B2C6800DC26EE /* Resources */ = {
			isa = PBXResourcesBuildPhase;
			buildActionMask = 2147483647;
			files = (
				B58B94E8253B2C6B00DC26EE /* Preview Assets.xcassets in Resources */,
				B58B94E5253B2C6B00DC26EE /* Assets.xcassets in Resources */,
			);
			runOnlyForDeploymentPostprocessing = 0;
		};
/* End PBXResourcesBuildPhase section */

/* Begin PBXSourcesBuildPhase section */
		B58B94D9253B2C6800DC26EE /* Sources */ = {
			isa = PBXSourcesBuildPhase;
			buildActionMask = 2147483647;
			files = (
				B58B94E3253B2C6800DC26EE /* TrafficLight.swift in Sources */,
				B58B94E1253B2C6800DC26EE /* KM_HW3_1App.swift in Sources */,
				B58B94FD253B801D00DC26EE /* NextButton.swift in Sources */,
				B58B94F1253B2D7700DC26EE /* ColorCircle.swift in Sources */,
			);
			runOnlyForDeploymentPostprocessing = 0;
		};
/* End PBXSourcesBuildPhase section */

/* Begin XCBuildConfiguration section */
		B58B94EA253B2C6B00DC26EE /* Debug */ = {
			isa = XCBuildConfiguration;
			buildSettings = {
				ALWAYS_SEARCH_USER_PATHS = NO;
				CLANG_ANALYZER_NONNULL = YES;
				CLANG_ANALYZER_NUMBER_OBJECT_CONVERSION = YES_AGGRESSIVE;
				CLANG_CXX_LANGUAGE_STANDARD = "gnu++14";
				CLANG_CXX_LIBRARY = "libc++";
				CLANG_ENABLE_MODULES = YES;
				CLANG_ENABLE_OBJC_ARC = YES;
				CLANG_ENABLE_OBJC_WEAK = YES;
				CLANG_WARN_BLOCK_CAPTURE_AUTORELEASING = YES;
				CLANG_WARN_BOOL_CONVERSION = YES;
				CLANG_WARN_COMMA = YES;
				CLANG_WARN_CONSTANT_CONVERSION = YES;
				CLANG_WARN_DEPRECATED_OBJC_IMPLEMENTATIONS = YES;
				CLANG_WARN_DIRECT_OBJC_ISA_USAGE = YES_ERROR;
				CLANG_WARN_DOCUMENTATION_COMMENTS = YES;
				CLANG_WARN_EMPTY_BODY = YES;
				CLANG_WARN_ENUM_CONVERSION = YES;
				CLANG_WARN_INFINITE_RECURSION = YES;
				CLANG_WARN_INT_CONVERSION = YES;
				CLANG_WARN_NON_LITERAL_NULL_CONVERSION = YES;
				CLANG_WARN_OBJC_IMPLICIT_RETAIN_SELF = YES;
				CLANG_WARN_OBJC_LITERAL_CONVERSION = YES;
				CLANG_WARN_OBJC_ROOT_CLASS = YES_ERROR;
				CLANG_WARN_QUOTED_INCLUDE_IN_FRAMEWORK_HEADER = YES;
				CLANG_WARN_RANGE_LOOP_ANALYSIS = YES;
				CLANG_WARN_STRICT_PROTOTYPES = YES;
				CLANG_WARN_SUSPICIOUS_MOVE = YES;
				CLANG_WARN_UNGUARDED_AVAILABILITY = YES_AGGRESSIVE;
				CLANG_WARN_UNREACHABLE_CODE = YES;
				CLANG_WARN__DUPLICATE_METHOD_MATCH = YES;
				COPY_PHASE_STRIP = NO;
				DEBUG_INFORMATION_FORMAT = dwarf;
				ENABLE_STRICT_OBJC_MSGSEND = YES;
				ENABLE_TESTABILITY = YES;
				GCC_C_LANGUAGE_STANDARD = gnu11;
				GCC_DYNAMIC_NO_PIC = NO;
				GCC_NO_COMMON_BLOCKS = YES;
				GCC_OPTIMIZATION_LEVEL = 0;
				GCC_PREPROCESSOR_DEFINITIONS = (
					"DEBUG=1",
					"$(inherited)",
				);
				GCC_WARN_64_TO_32_BIT_CONVERSION = YES;
				GCC_WARN_ABOUT_RETURN_TYPE = YES_ERROR;
				GCC_WARN_UNDECLARED_SELECTOR = YES;
				GCC_WARN_UNINITIALIZED_AUTOS = YES_AGGRESSIVE;
				GCC_WARN_UNUSED_FUNCTION = YES;
				GCC_WARN_UNUSED_VARIABLE = YES;
				IPHONEOS_DEPLOYMENT_TARGET = 14.0;
				MTL_ENABLE_DEBUG_INFO = INCLUDE_SOURCE;
				MTL_FAST_MATH = YES;
				ONLY_ACTIVE_ARCH = YES;
				SDKROOT = iphoneos;
				SWIFT_ACTIVE_COMPILATION_CONDITIONS = DEBUG;
				SWIFT_OPTIMIZATION_LEVEL = "-Onone";
			};
			name = Debug;
		};
		B58B94EB253B2C6B00DC26EE /* Release */ = {
			isa = XCBuildConfiguration;
			buildSettings = {
				ALWAYS_SEARCH_USER_PATHS = NO;
				CLANG_ANALYZER_NONNULL = YES;
				CLANG_ANALYZER_NUMBER_OBJECT_CONVERSION = YES_AGGRESSIVE;
				CLANG_CXX_LANGUAGE_STANDARD = "gnu++14";
				CLANG_CXX_LIBRARY = "libc++";
				CLANG_ENABLE_MODULES = YES;
				CLANG_ENABLE_OBJC_ARC = YES;
				CLANG_ENABLE_OBJC_WEAK = YES;
				CLANG_WARN_BLOCK_CAPTURE_AUTORELEASING = YES;
				CLANG_WARN_BOOL_CONVERSION = YES;
				CLANG_WARN_COMMA = YES;
				CLANG_WARN_CONSTANT_CONVERSION = YES;
				CLANG_WARN_DEPRECATED_OBJC_IMPLEMENTATIONS = YES;
				CLANG_WARN_DIRECT_OBJC_ISA_USAGE = YES_ERROR;
				CLANG_WARN_DOCUMENTATION_COMMENTS = YES;
				CLANG_WARN_EMPTY_BODY = YES;
				CLANG_WARN_ENUM_CONVERSION = YES;
				CLANG_WARN_INFINITE_RECURSION = YES;
				CLANG_WARN_INT_CONVERSION = YES;
				CLANG_WARN_NON_LITERAL_NULL_CONVERSION = YES;
				CLANG_WARN_OBJC_IMPLICIT_RETAIN_SELF = YES;
				CLANG_WARN_OBJC_LITERAL_CONVERSION = YES;
				CLANG_WARN_OBJC_ROOT_CLASS = YES_ERROR;
				CLANG_WARN_QUOTED_INCLUDE_IN_FRAMEWORK_HEADER = YES;
				CLANG_WARN_RANGE_LOOP_ANALYSIS = YES;
				CLANG_WARN_STRICT_PROTOTYPES = YES;
				CLANG_WARN_SUSPICIOUS_MOVE = YES;
				CLANG_WARN_UNGUARDED_AVAILABILITY = YES_AGGRESSIVE;
				CLANG_WARN_UNREACHABLE_CODE = YES;
				CLANG_WARN__DUPLICATE_METHOD_MATCH = YES;
				COPY_PHASE_STRIP = NO;
				DEBUG_INFORMATION_FORMAT = "dwarf-with-dsym";
				ENABLE_NS_ASSERTIONS = NO;
				ENABLE_STRICT_OBJC_MSGSEND = YES;
				GCC_C_LANGUAGE_STANDARD = gnu11;
				GCC_NO_COMMON_BLOCKS = YES;
				GCC_WARN_64_TO_32_BIT_CONVERSION = YES;
				GCC_WARN_ABOUT_RETURN_TYPE = YES_ERROR;
				GCC_WARN_UNDECLARED_SELECTOR = YES;
				GCC_WARN_UNINITIALIZED_AUTOS = YES_AGGRESSIVE;
				GCC_WARN_UNUSED_FUNCTION = YES;
				GCC_WARN_UNUSED_VARIABLE = YES;
				IPHONEOS_DEPLOYMENT_TARGET = 14.0;
				MTL_ENABLE_DEBUG_INFO = NO;
				MTL_FAST_MATH = YES;
				SDKROOT = iphoneos;
				SWIFT_COMPILATION_MODE = wholemodule;
				SWIFT_OPTIMIZATION_LEVEL = "-O";
				VALIDATE_PRODUCT = YES;
			};
			name = Release;
		};
		B58B94ED253B2C6B00DC26EE /* Debug */ = {
			isa = XCBuildConfiguration;
			buildSettings = {
				ASSETCATALOG_COMPILER_APPICON_NAME = AppIcon;
				ASSETCATALOG_COMPILER_GLOBAL_ACCENT_COLOR_NAME = AccentColor;
				CODE_SIGN_STYLE = Automatic;
				DEVELOPMENT_ASSET_PATHS = "\"KM_HW3.1/Preview Content\"";
				DEVELOPMENT_TEAM = 9F482H5FKD;
				ENABLE_PREVIEWS = YES;
				INFOPLIST_FILE = KM_HW3.1/Info.plist;
				IPHONEOS_DEPLOYMENT_TARGET = 14.0;
				LD_RUNPATH_SEARCH_PATHS = (
					"$(inherited)",
					"@executable_path/Frameworks",
				);
				PRODUCT_BUNDLE_IDENTIFIER = "test.KM-HW3-1";
				PRODUCT_NAME = "$(TARGET_NAME)";
				SWIFT_VERSION = 5.0;
				TARGETED_DEVICE_FAMILY = "1,2";
			};
			name = Debug;
		};
		B58B94EE253B2C6B00DC26EE /* Release */ = {
			isa = XCBuildConfiguration;
			buildSettings = {
				ASSETCATALOG_COMPILER_APPICON_NAME = AppIcon;
				ASSETCATALOG_COMPILER_GLOBAL_ACCENT_COLOR_NAME = AccentColor;
				CODE_SIGN_STYLE = Automatic;
				DEVELOPMENT_ASSET_PATHS = "\"KM_HW3.1/Preview Content\"";
				DEVELOPMENT_TEAM = 9F482H5FKD;
				ENABLE_PREVIEWS = YES;
				INFOPLIST_FILE = KM_HW3.1/Info.plist;
				IPHONEOS_DEPLOYMENT_TARGET = 14.0;
				LD_RUNPATH_SEARCH_PATHS = (
					"$(inherited)",
					"@executable_path/Frameworks",
				);
				PRODUCT_BUNDLE_IDENTIFIER = "test.KM-HW3-1";
				PRODUCT_NAME = "$(TARGET_NAME)";
				SWIFT_VERSION = 5.0;
				TARGETED_DEVICE_FAMILY = "1,2";
			};
			name = Release;
		};
/* End XCBuildConfiguration section */

/* Begin XCConfigurationList section */
		B58B94D8253B2C6800DC26EE /* Build configuration list for PBXProject "KM_HW3.1" */ = {
			isa = XCConfigurationList;
			buildConfigurations = (
				B58B94EA253B2C6B00DC26EE /* Debug */,
				B58B94EB253B2C6B00DC26EE /* Release */,
			);
			defaultConfigurationIsVisible = 0;
			defaultConfigurationName = Release;
		};
		B58B94EC253B2C6B00DC26EE /* Build configuration list for PBXNativeTarget "KM_HW3.1" */ = {
			isa = XCConfigurationList;
			buildConfigurations = (
				B58B94ED253B2C6B00DC26EE /* Debug */,
				B58B94EE253B2C6B00DC26EE /* Release */,
			);
			defaultConfigurationIsVisible = 0;
			defaultConfigurationName = Release;
		};
/* End XCConfigurationList section */
	};
	rootObject = B58B94D5253B2C6800DC26EE /* Project object */;
}
